
Microsoft Visual Studio Solution File, Format Version 12.00
# Visual Studio Version 17
VisualStudioVersion = 17.7.34009.444
MinimumVisualStudioVersion = 10.0.40219.1
Project("{FAE04EC0-301F-11D3-BF4B-00C04F79EFBC}") = "CSC2036_InvoiceTotal_ErrorCheck", "CSC2036_InvoiceTotal_ErrorCheck\CSC2036_InvoiceTotal_ErrorCheck.csproj", "{FC7350E0-DC5B-45CE-BB08-D22CBA5F8985}"
EndProject
Global
	GlobalSection(SolutionConfigurationPlatforms) = preSolution
		Debug|Any CPU = Debug|Any CPU
		Release|Any CPU = Release|Any CPU
	EndGlobalSection
	GlobalSection(ProjectConfigurationPlatforms) = postSolution
		{FC7350E0-DC5B-45CE-BB08-D22CBA5F8985}.Debug|Any CPU.ActiveCfg = Debug|Any CPU
		{FC7350E0-DC5B-45CE-BB08-D22CBA5F8985}.Debug|Any CPU.Build.0 = Debug|Any CPU
		{FC7350E0-DC5B-45CE-BB08-D22CBA5F8985}.Release|Any CPU.ActiveCfg = Release|Any CPU
		{FC7350E0-DC5B-45CE-BB08-D22CBA5F8985}.Release|Any CPU.Build.0 = Release|Any CPU
	EndGlobalSection
	GlobalSection(SolutionProperties) = preSolution
		HideSolutionNode = FALSE
	EndGlobalSection
	GlobalSection(ExtensibilityGlobals) = postSolution
		SolutionGuid = {406D6DD9-7FE3-4C67-9022-2006B923D771}
	EndGlobalSection
EndGlobal
